
Microsoft Visual Studio Solution File, Format Version 12.00
# Visual Studio Version 17
VisualStudioVersion = 17.13.35913.81
MinimumVisualStudioVersion = 10.0.40219.1
Project("{FAE04EC0-301F-11D3-BF4B-00C04F79EFBC}") = "Assignment7_Encapsulation", "Assignment7_Encapsulation.csproj", "{61EF143C-7082-4051-8826-12122F5065C2}"
EndProject
Global
	GlobalSection(SolutionConfigurationPlatforms) = preSolution
		Debug|Any CPU = Debug|Any CPU
		Release|Any CPU = Release|Any CPU
	EndGlobalSection
	GlobalSection(ProjectConfigurationPlatforms) = postSolution
		{61EF143C-7082-4051-8826-12122F5065C2}.Debug|Any CPU.ActiveCfg = Debug|Any CPU
		{61EF143C-7082-4051-8826-12122F5065C2}.Debug|Any CPU.Build.0 = Debug|Any CPU
		{61EF143C-7082-4051-8826-12122F5065C2}.Release|Any CPU.ActiveCfg = Release|Any CPU
		{61EF143C-7082-4051-8826-12122F5065C2}.Release|Any CPU.Build.0 = Release|Any CPU
	EndGlobalSection
	GlobalSection(SolutionProperties) = preSolution
		HideSolutionNode = FALSE
	EndGlobalSection
	GlobalSection(ExtensibilityGlobals) = postSolution
		SolutionGuid = {A5B1B5F1-8ED7-47AE-BABC-3046ECD0C4D9}
	EndGlobalSection
EndGlobal
