
Microsoft Visual Studio Solution File, Format Version 12.00
# Visual Studio Version 17
VisualStudioVersion = 17.13.35913.81 d17.13
MinimumVisualStudioVersion = 10.0.40219.1
Project("{FAE04EC0-301F-11D3-BF4B-00C04F79EFBC}") = "Lecture33-All-Relationships-Shop", "Lecture33-All-Relationships-Shop.csproj", "{9CB5CE79-D1F7-4F4D-A1EE-07B320DD1D95}"
EndProject
Global
	GlobalSection(SolutionConfigurationPlatforms) = preSolution
		Debug|Any CPU = Debug|Any CPU
		Release|Any CPU = Release|Any CPU
	EndGlobalSection
	GlobalSection(ProjectConfigurationPlatforms) = postSolution
		{9CB5CE79-D1F7-4F4D-A1EE-07B320DD1D95}.Debug|Any CPU.ActiveCfg = Debug|Any CPU
		{9CB5CE79-D1F7-4F4D-A1EE-07B320DD1D95}.Debug|Any CPU.Build.0 = Debug|Any CPU
		{9CB5CE79-D1F7-4F4D-A1EE-07B320DD1D95}.Release|Any CPU.ActiveCfg = Release|Any CPU
		{9CB5CE79-D1F7-4F4D-A1EE-07B320DD1D95}.Release|Any CPU.Build.0 = Release|Any CPU
	EndGlobalSection
	GlobalSection(SolutionProperties) = preSolution
		HideSolutionNode = FALSE
	EndGlobalSection
	GlobalSection(ExtensibilityGlobals) = postSolution
		SolutionGuid = {F954502C-A02B-4217-BC9A-CA029A399D0E}
	EndGlobalSection
EndGlobal
