
Microsoft Visual Studio Solution File, Format Version 12.00
# Visual Studio Version 17
VisualStudioVersion = 17.13.35913.81 d17.13
MinimumVisualStudioVersion = 10.0.40219.1
Project("{FAE04EC0-301F-11D3-BF4B-00C04F79EFBC}") = "Lecture18", "Lecture18.csproj", "{1958CEC6-25FF-4B77-AAAE-C55AF9B67A8C}"
EndProject
Global
	GlobalSection(SolutionConfigurationPlatforms) = preSolution
		Debug|Any CPU = Debug|Any CPU
		Release|Any CPU = Release|Any CPU
	EndGlobalSection
	GlobalSection(ProjectConfigurationPlatforms) = postSolution
		{1958CEC6-25FF-4B77-AAAE-C55AF9B67A8C}.Debug|Any CPU.ActiveCfg = Debug|Any CPU
		{1958CEC6-25FF-4B77-AAAE-C55AF9B67A8C}.Debug|Any CPU.Build.0 = Debug|Any CPU
		{1958CEC6-25FF-4B77-AAAE-C55AF9B67A8C}.Release|Any CPU.ActiveCfg = Release|Any CPU
		{1958CEC6-25FF-4B77-AAAE-C55AF9B67A8C}.Release|Any CPU.Build.0 = Release|Any CPU
	EndGlobalSection
	GlobalSection(SolutionProperties) = preSolution
		HideSolutionNode = FALSE
	EndGlobalSection
	GlobalSection(ExtensibilityGlobals) = postSolution
		SolutionGuid = {5641ACEA-02C5-4AD7-88C4-211730413FC0}
	EndGlobalSection
EndGlobal
