
Microsoft Visual Studio Solution File, Format Version 12.00
# Visual Studio Version 17
VisualStudioVersion = 17.13.35913.81 d17.13
MinimumVisualStudioVersion = 10.0.40219.1
Project("{FAE04EC0-301F-11D3-BF4B-00C04F79EFBC}") = "Lecture31-One-To-Many", "Lecture31-One-To-Many.csproj", "{2DE230B1-6DC9-4CF9-B9F2-C970B11797BB}"
EndProject
Global
	GlobalSection(SolutionConfigurationPlatforms) = preSolution
		Debug|Any CPU = Debug|Any CPU
		Release|Any CPU = Release|Any CPU
	EndGlobalSection
	GlobalSection(ProjectConfigurationPlatforms) = postSolution
		{2DE230B1-6DC9-4CF9-B9F2-C970B11797BB}.Debug|Any CPU.ActiveCfg = Debug|Any CPU
		{2DE230B1-6DC9-4CF9-B9F2-C970B11797BB}.Debug|Any CPU.Build.0 = Debug|Any CPU
		{2DE230B1-6DC9-4CF9-B9F2-C970B11797BB}.Release|Any CPU.ActiveCfg = Release|Any CPU
		{2DE230B1-6DC9-4CF9-B9F2-C970B11797BB}.Release|Any CPU.Build.0 = Release|Any CPU
	EndGlobalSection
	GlobalSection(SolutionProperties) = preSolution
		HideSolutionNode = FALSE
	EndGlobalSection
	GlobalSection(ExtensibilityGlobals) = postSolution
		SolutionGuid = {7BC1984C-4E28-4D96-8B17-547779557A6C}
	EndGlobalSection
EndGlobal
