
Microsoft Visual Studio Solution File, Format Version 12.00
# Visual Studio Version 17
VisualStudioVersion = 17.13.35913.81 d17.13
MinimumVisualStudioVersion = 10.0.40219.1
Project("{FAE04EC0-301F-11D3-BF4B-00C04F79EFBC}") = "Lecture8", "Lecture8.csproj", "{3F418A24-C2DA-473F-9D1C-0A1D2617FD9F}"
EndProject
Global
	GlobalSection(SolutionConfigurationPlatforms) = preSolution
		Debug|Any CPU = Debug|Any CPU
		Release|Any CPU = Release|Any CPU
	EndGlobalSection
	GlobalSection(ProjectConfigurationPlatforms) = postSolution
		{3F418A24-C2DA-473F-9D1C-0A1D2617FD9F}.Debug|Any CPU.ActiveCfg = Debug|Any CPU
		{3F418A24-C2DA-473F-9D1C-0A1D2617FD9F}.Debug|Any CPU.Build.0 = Debug|Any CPU
		{3F418A24-C2DA-473F-9D1C-0A1D2617FD9F}.Release|Any CPU.ActiveCfg = Release|Any CPU
		{3F418A24-C2DA-473F-9D1C-0A1D2617FD9F}.Release|Any CPU.Build.0 = Release|Any CPU
	EndGlobalSection
	GlobalSection(SolutionProperties) = preSolution
		HideSolutionNode = FALSE
	EndGlobalSection
	GlobalSection(ExtensibilityGlobals) = postSolution
		SolutionGuid = {FFD99A69-9E00-4426-BAA4-B9F0362637BB}
	EndGlobalSection
EndGlobal
