
Microsoft Visual Studio Solution File, Format Version 12.00
# Visual Studio Version 17
VisualStudioVersion = 17.13.35913.81 d17.13
MinimumVisualStudioVersion = 10.0.40219.1
Project("{FAE04EC0-301F-11D3-BF4B-00C04F79EFBC}") = "Lecture22", "Lecture22.csproj", "{BBCBB23B-7B03-499F-B04B-F7234D6B97DC}"
EndProject
Global
	GlobalSection(SolutionConfigurationPlatforms) = preSolution
		Debug|Any CPU = Debug|Any CPU
		Release|Any CPU = Release|Any CPU
	EndGlobalSection
	GlobalSection(ProjectConfigurationPlatforms) = postSolution
		{BBCBB23B-7B03-499F-B04B-F7234D6B97DC}.Debug|Any CPU.ActiveCfg = Debug|Any CPU
		{BBCBB23B-7B03-499F-B04B-F7234D6B97DC}.Debug|Any CPU.Build.0 = Debug|Any CPU
		{BBCBB23B-7B03-499F-B04B-F7234D6B97DC}.Release|Any CPU.ActiveCfg = Release|Any CPU
		{BBCBB23B-7B03-499F-B04B-F7234D6B97DC}.Release|Any CPU.Build.0 = Release|Any CPU
	EndGlobalSection
	GlobalSection(SolutionProperties) = preSolution
		HideSolutionNode = FALSE
	EndGlobalSection
	GlobalSection(ExtensibilityGlobals) = postSolution
		SolutionGuid = {A1627F88-C3F5-4A27-8B18-8F9FCF815D48}
	EndGlobalSection
EndGlobal
