
Microsoft Visual Studio Solution File, Format Version 12.00
# Visual Studio Version 17
VisualStudioVersion = 17.13.35913.81 d17.13
MinimumVisualStudioVersion = 10.0.40219.1
Project("{FAE04EC0-301F-11D3-BF4B-00C04F79EFBC}") = "Lecture2 - Types", "Lecture2 - Types.csproj", "{B811C0AC-583E-411F-B70C-96107B1D6CC8}"
EndProject
Global
	GlobalSection(SolutionConfigurationPlatforms) = preSolution
		Debug|Any CPU = Debug|Any CPU
		Release|Any CPU = Release|Any CPU
	EndGlobalSection
	GlobalSection(ProjectConfigurationPlatforms) = postSolution
		{B811C0AC-583E-411F-B70C-96107B1D6CC8}.Debug|Any CPU.ActiveCfg = Debug|Any CPU
		{B811C0AC-583E-411F-B70C-96107B1D6CC8}.Debug|Any CPU.Build.0 = Debug|Any CPU
		{B811C0AC-583E-411F-B70C-96107B1D6CC8}.Release|Any CPU.ActiveCfg = Release|Any CPU
		{B811C0AC-583E-411F-B70C-96107B1D6CC8}.Release|Any CPU.Build.0 = Release|Any CPU
	EndGlobalSection
	GlobalSection(SolutionProperties) = preSolution
		HideSolutionNode = FALSE
	EndGlobalSection
	GlobalSection(ExtensibilityGlobals) = postSolution
		SolutionGuid = {6E6EB65F-B0EE-482F-9ABA-D3FBA969BBF1}
	EndGlobalSection
EndGlobal
